Microsoft Visual Studio Solution File, Format Version 12.00
# Visual Studio Version 17
VisualStudioVersion = 17.5.2.0
MinimumVisualStudioVersion = 10.0.40219.1
Project("{FAE04EC0-301F-11D3-BF4B-00C04F79EFBC}") = "TaskManagerAPI.Minimal", "TaskManagerAPI.Minimal\TaskManagerAPI.Minimal.csproj", "{6915DF7E-A64D-BBAB-71C6-AA3F03826B5A}"
EndProject
Global
	GlobalSection(SolutionConfigurationPlatforms) = preSolution
		Debug|Any CPU = Debug|Any CPU
		Release|Any CPU = Release|Any CPU
	EndGlobalSection
	GlobalSection(ProjectConfigurationPlatforms) = postSolution
		{6915DF7E-A64D-BBAB-71C6-AA3F03826B5A}.Debug|Any CPU.ActiveCfg = Debug|Any CPU
		{6915DF7E-A64D-BBAB-71C6-AA3F03826B5A}.Debug|Any CPU.Build.0 = Debug|Any CPU
		{6915DF7E-A64D-BBAB-71C6-AA3F03826B5A}.Release|Any CPU.ActiveCfg = Release|Any CPU
		{6915DF7E-A64D-BBAB-71C6-AA3F03826B5A}.Release|Any CPU.Build.0 = Release|Any CPU
	EndGlobalSection
	GlobalSection(SolutionProperties) = preSolution
		HideSolutionNode = FALSE
	EndGlobalSection
	GlobalSection(ExtensibilityGlobals) = postSolution
		SolutionGuid = {CFE3837D-BB03-43FC-B3D0-566A7239AFDD}
	EndGlobalSection
EndGlobal
